lockfileVersion: '9.0'

settings:
  autoInstallPeers: true
  excludeLinksFromLockfile: false

importers:

  .:
    dependencies:
      '@codemirror/autocomplete':
        specifier: ^6.20.0
        version: 6.20.0
      '@codemirror/lang-json':
        specifier: ^6.0.2
        version: 6.0.2
      '@codemirror/lint':
        specifier: ^6.9.2
        version: 6.9.2
      '@codemirror/search':
        specifier: ^6.6.0
        version: 6.6.0
      '@codemirror/state':
        specifier: ^6.5.4
        version: 6.5.4
      '@codemirror/view':
        specifier: ^6.39.11
        version: 6.39.11
      '@vicons/tabler':
        specifier: ^0.13.0
        version: 0.13.0
      vue-codemirror:
        specifier: ^6.1.1
        version: 6.1.1(codemirror@6.0.2)(vue@3.5.27)

packages:

  '@babel/helper-string-parser@7.27.1':
    resolution: {integrity: sha512-qMlSxKbpRlAridDExk92nSobyDdpPijUq2DW6oDnUqd0iOGxmQjyqhMIihI9+zv4LPyZdRje2cavWPbCbWm3eA==}
    engines: {node: '>=6.9.0'}

  '@babel/helper-validator-identifier@7.28.5':
    resolution: {integrity: sha512-qSs4ifwzKJSV39ucNjsvc6WVHs6b7S03sOh2OcHF9UHfVPqWWALUsNUVzhSBiItjRZoLHx7nIarVjqKVusUZ1Q==}
    engines: {node: '>=6.9.0'}

  '@babel/parser@7.28.6':
    resolution: {integrity: sha512-TeR9zWR18BvbfPmGbLampPMW+uW1NZnJlRuuHso8i87QZNq2JRF9i6RgxRqtEq+wQGsS19NNTWr2duhnE49mfQ==}
    engines: {node: '>=6.0.0'}
    hasBin: true

  '@babel/types@7.28.6':
    resolution: {integrity: sha512-0ZrskXVEHSWIqZM/sQZ4EV3jZJXRkio/WCxaqKZP1g//CEWEPSfeZFcms4XeKBCHU0ZKnIkdJeU/kF+eRp5lBg==}
    engines: {node: '>=6.9.0'}

  '@codemirror/autocomplete@6.20.0':
    resolution: {integrity: sha512-bOwvTOIJcG5FVo5gUUupiwYh8MioPLQ4UcqbcRf7UQ98X90tCa9E1kZ3Z7tqwpZxYyOvh1YTYbmZE9RTfTp5hg==}

  '@codemirror/commands@6.10.1':
    resolution: {integrity: sha512-uWDWFypNdQmz2y1LaNJzK7fL7TYKLeUAU0npEC685OKTF3KcQ2Vu3klIM78D7I6wGhktme0lh3CuQLv0ZCrD9Q==}

  '@codemirror/lang-json@6.0.2':
    resolution: {integrity: sha512-x2OtO+AvwEHrEwR0FyyPtfDUiloG3rnVTSZV1W8UteaLL8/MajQd8DpvUb2YVzC+/T18aSDv0H9mu+xw0EStoQ==}

  '@codemirror/language@6.12.1':
    resolution: {integrity: sha512-Fa6xkSiuGKc8XC8Cn96T+TQHYj4ZZ7RdFmXA3i9xe/3hLHfwPZdM+dqfX0Cp0zQklBKhVD8Yzc8LS45rkqcwpQ==}

  '@codemirror/lint@6.9.2':
    resolution: {integrity: sha512-sv3DylBiIyi+xKwRCJAAsBZZZWo82shJ/RTMymLabAdtbkV5cSKwWDeCgtUq3v8flTaXS2y1kKkICuRYtUswyQ==}

  '@codemirror/search@6.6.0':
    resolution: {integrity: sha512-koFuNXcDvyyotWcgOnZGmY7LZqEOXZaaxD/j6n18TCLx2/9HieZJ5H6hs1g8FiRxBD0DNfs0nXn17g872RmYdw==}

  '@codemirror/state@6.5.4':
    resolution: {integrity: sha512-8y7xqG/hpB53l25CIoit9/ngxdfoG+fx+V3SHBrinnhOtLvKHRyAJJuHzkWrR4YXXLX8eXBsejgAAxHUOdW1yw==}

  '@codemirror/view@6.39.11':
    resolution: {integrity: sha512-bWdeR8gWM87l4DB/kYSF9A+dVackzDb/V56Tq7QVrQ7rn86W0rgZFtlL3g3pem6AeGcb9NQNoy3ao4WpW4h5tQ==}

  '@jridgewell/sourcemap-codec@1.5.5':
    resolution: {integrity: sha512-cYQ9310grqxueWbl+WuIUIaiUaDcj7WOq5fVhEljNVgRfOUhY9fy2zTvfoqWsnebh8Sl70VScFbICvJnLKB0Og==}

  '@lezer/common@1.5.0':
    resolution: {integrity: sha512-PNGcolp9hr4PJdXR4ix7XtixDrClScvtSCYW3rQG106oVMOOI+jFb+0+J3mbeL/53g1Zd6s0kJzaw6Ri68GmAA==}

  '@lezer/highlight@1.2.3':
    resolution: {integrity: sha512-qXdH7UqTvGfdVBINrgKhDsVTJTxactNNxLk7+UMwZhU13lMHaOBlJe9Vqp907ya56Y3+ed2tlqzys7jDkTmW0g==}

  '@lezer/json@1.0.3':
    resolution: {integrity: sha512-BP9KzdF9Y35PDpv04r0VeSTKDeox5vVr3efE7eBbx3r4s3oNLfunchejZhjArmeieBH+nVOpgIiBJpEAv8ilqQ==}

  '@lezer/lr@1.4.7':
    resolution: {integrity: sha512-wNIFWdSUfX9Jc6ePMzxSPVgTVB4EOfDIwLQLWASyiUdHKaMsiilj9bYiGkGQCKVodd0x6bgQCV207PILGFCF9Q==}

  '@marijn/find-cluster-break@1.0.2':
    resolution: {integrity: sha512-l0h88YhZFyKdXIFNfSWpyjStDjGHwZ/U7iobcK1cQQD8sejsONdQtTVU+1wVN1PBw40PiiHB1vA5S7VTfQiP9g==}

  '@vicons/tabler@0.13.0':
    resolution: {integrity: sha512-AykuhiqjszkIoAL/7knIFm6RDOBS1ZmQdJfQ+RNLEah0fVsxykUFCfMBSNZh8lOzC85EtdD1k5g/sv5GYk0Ohg==}

  '@vue/compiler-core@3.5.27':
    resolution: {integrity: sha512-gnSBQjZA+//qDZen+6a2EdHqJ68Z7uybrMf3SPjEGgG4dicklwDVmMC1AeIHxtLVPT7sn6sH1KOO+tS6gwOUeQ==}

  '@vue/compiler-dom@3.5.27':
    resolution: {integrity: sha512-oAFea8dZgCtVVVTEC7fv3T5CbZW9BxpFzGGxC79xakTr6ooeEqmRuvQydIiDAkglZEAd09LgVf1RoDnL54fu5w==}

  '@vue/compiler-sfc@3.5.27':
    resolution: {integrity: sha512-sHZu9QyDPeDmN/MRoshhggVOWE5WlGFStKFwu8G52swATgSny27hJRWteKDSUUzUH+wp+bmeNbhJnEAel/auUQ==}

  '@vue/compiler-ssr@3.5.27':
    resolution: {integrity: sha512-Sj7h+JHt512fV1cTxKlYhg7qxBvack+BGncSpH+8vnN+KN95iPIcqB5rsbblX40XorP+ilO7VIKlkuu3Xq2vjw==}

  '@vue/reactivity@3.5.27':
    resolution: {integrity: sha512-vvorxn2KXfJ0nBEnj4GYshSgsyMNFnIQah/wczXlsNXt+ijhugmW+PpJ2cNPe4V6jpnBcs0MhCODKllWG+nvoQ==}

  '@vue/runtime-core@3.5.27':
    resolution: {integrity: sha512-fxVuX/fzgzeMPn/CLQecWeDIFNt3gQVhxM0rW02Tvp/YmZfXQgcTXlakq7IMutuZ/+Ogbn+K0oct9J3JZfyk3A==}

  '@vue/runtime-dom@3.5.27':
    resolution: {integrity: sha512-/QnLslQgYqSJ5aUmb5F0z0caZPGHRB8LEAQ1s81vHFM5CBfnun63rxhvE/scVb/j3TbBuoZwkJyiLCkBluMpeg==}

  '@vue/server-renderer@3.5.27':
    resolution: {integrity: sha512-qOz/5thjeP1vAFc4+BY3Nr6wxyLhpeQgAE/8dDtKo6a6xdk+L4W46HDZgNmLOBUDEkFXV3G7pRiUqxjX0/2zWA==}
    peerDependencies:
      vue: 3.5.27

  '@vue/shared@3.5.27':
    resolution: {integrity: sha512-dXr/3CgqXsJkZ0n9F3I4elY8wM9jMJpP3pvRG52r6m0tu/MsAFIe6JpXVGeNMd/D9F4hQynWT8Rfuj0bdm9kFQ==}

  codemirror@6.0.2:
    resolution: {integrity: sha512-VhydHotNW5w1UGK0Qj96BwSk/Zqbp9WbnyK2W/eVMv4QyF41INRGpjUhFJY7/uDNuudSc33a/PKr4iDqRduvHw==}

  crelt@1.0.6:
    resolution: {integrity: sha512-VQ2MBenTq1fWZUH9DJNGti7kKv6EeAuYr3cLwxUWhIu1baTaXh4Ib5W2CqHVqib4/MqbYGJqiL3Zb8GJZr3l4g==}

  csstype@3.2.3:
    resolution: {integrity: sha512-z1HGKcYy2xA8AGQfwrn0PAy+PB7X/GSj3UVJW9qKyn43xWa+gl5nXmU4qqLMRzWVLFC8KusUX8T/0kCiOYpAIQ==}

  entities@7.0.0:
    resolution: {integrity: sha512-FDWG5cmEYf2Z00IkYRhbFrwIwvdFKH07uV8dvNy0omp/Qb1xcyCWp2UDtcwJF4QZZvk0sLudP6/hAu42TaqVhQ==}
    engines: {node: '>=0.12'}

  estree-walker@2.0.2:
    resolution: {integrity: sha512-Rfkk/Mp/DL7JVje3u18FxFujQlTNR2q6QfMSMB7AvCBx91NGj/ba3kCfza0f6dVDbw7YlRf/nDrn7pQrCCyQ/w==}

  magic-string@0.30.21:
    resolution: {integrity: sha512-vd2F4YUyEXKGcLHoq+TEyCjxueSeHnFxyyjNp80yg0XV4vUhnDer/lvvlqM/arB5bXQN5K2/3oinyCRyx8T2CQ==}

  nanoid@3.3.11:
    resolution: {integrity: sha512-N8SpfPUnUp1bK+PMYW8qSWdl9U+wwNWI4QKxOYDy9JAro3WMX7p2OeVRF9v+347pnakNevPmiHhNmZ2HbFA76w==}
    engines: {node: ^10 || ^12 || ^13.7 || ^14 || >=15.0.1}
    hasBin: true

  picocolors@1.1.1:
    resolution: {integrity: sha512-xceH2snhtb5M9liqDsmEw56le376mTZkEX/jEb/RxNFyegNul7eNslCXP9FDj/Lcu0X8KEyMceP2ntpaHrDEVA==}

  postcss@8.5.6:
    resolution: {integrity: sha512-3Ybi1tAuwAP9s0r1UQ2J4n5Y0G05bJkpUIO0/bI9MhwmD70S5aTWbXGBwxHrelT+XM1k6dM0pk+SwNkpTRN7Pg==}
    engines: {node: ^10 || ^12 || >=14}

  source-map-js@1.2.1:
    resolution: {integrity: sha512-UXWMKhLOwVKb728IUtQPXxfYU+usdybtUrK/8uGE8CQMvrhOpwvzDBwj0QhSL7MQc7vIsISBG8VQ8+IDQxpfQA==}
    engines: {node: '>=0.10.0'}

  style-mod@4.1.3:
    resolution: {integrity: sha512-i/n8VsZydrugj3Iuzll8+x/00GH2vnYsk1eomD8QiRrSAeW6ItbCQDtfXCeJHd0iwiNagqjQkvpvREEPtW3IoQ==}

  vue-codemirror@6.1.1:
    resolution: {integrity: sha512-rTAYo44owd282yVxKtJtnOi7ERAcXTeviwoPXjIc6K/IQYUsoDkzPvw/JDFtSP6T7Cz/2g3EHaEyeyaQCKoDMg==}
    peerDependencies:
      codemirror: 6.x
      vue: 3.x

  vue@3.5.27:
    resolution: {integrity: sha512-aJ/UtoEyFySPBGarREmN4z6qNKpbEguYHMmXSiOGk69czc+zhs0NF6tEFrY8TZKAl8N/LYAkd4JHVd5E/AsSmw==}
    peerDependencies:
      typescript: '*'
    peerDependenciesMeta:
      typescript:
        optional: true

  w3c-keyname@2.2.8:
    resolution: {integrity: sha512-dpojBhNsCNN7T82Tm7k26A6G9ML3NkhDsnw9n/eoxSRlVBB4CEtIQ/KTCLI2Fwf3ataSXRhYFkQi3SlnFwPvPQ==}

snapshots:

  '@babel/helper-string-parser@7.27.1': {}

  '@babel/helper-validator-identifier@7.28.5': {}

  '@babel/parser@7.28.6':
    dependencies:
      '@babel/types': 7.28.6

  '@babel/types@7.28.6':
    dependencies:
      '@babel/helper-string-parser': 7.27.1
      '@babel/helper-validator-identifier': 7.28.5

  '@codemirror/autocomplete@6.20.0':
    dependencies:
      '@codemirror/language': 6.12.1
      '@codemirror/state': 6.5.4
      '@codemirror/view': 6.39.11
      '@lezer/common': 1.5.0

  '@codemirror/commands@6.10.1':
    dependencies:
      '@codemirror/language': 6.12.1
      '@codemirror/state': 6.5.4
      '@codemirror/view': 6.39.11
      '@lezer/common': 1.5.0

  '@codemirror/lang-json@6.0.2':
    dependencies:
      '@codemirror/language': 6.12.1
      '@lezer/json': 1.0.3

  '@codemirror/language@6.12.1':
    dependencies:
      '@codemirror/state': 6.5.4
      '@codemirror/view': 6.39.11
      '@lezer/common': 1.5.0
      '@lezer/highlight': 1.2.3
      '@lezer/lr': 1.4.7
      style-mod: 4.1.3

  '@codemirror/lint@6.9.2':
    dependencies:
      '@codemirror/state': 6.5.4
      '@codemirror/view': 6.39.11
      crelt: 1.0.6

  '@codemirror/search@6.6.0':
    dependencies:
      '@codemirror/state': 6.5.4
      '@codemirror/view': 6.39.11
      crelt: 1.0.6

  '@codemirror/state@6.5.4':
    dependencies:
      '@marijn/find-cluster-break': 1.0.2

  '@codemirror/view@6.39.11':
    dependencies:
      '@codemirror/state': 6.5.4
      crelt: 1.0.6
      style-mod: 4.1.3
      w3c-keyname: 2.2.8

  '@jridgewell/sourcemap-codec@1.5.5': {}

  '@lezer/common@1.5.0': {}

  '@lezer/highlight@1.2.3':
    dependencies:
      '@lezer/common': 1.5.0

  '@lezer/json@1.0.3':
    dependencies:
      '@lezer/common': 1.5.0
      '@lezer/highlight': 1.2.3
      '@lezer/lr': 1.4.7

  '@lezer/lr@1.4.7':
    dependencies:
      '@lezer/common': 1.5.0

  '@marijn/find-cluster-break@1.0.2': {}

  '@vicons/tabler@0.13.0': {}

  '@vue/compiler-core@3.5.27':
    dependencies:
      '@babel/parser': 7.28.6
      '@vue/shared': 3.5.27
      entities: 7.0.0
      estree-walker: 2.0.2
      source-map-js: 1.2.1

  '@vue/compiler-dom@3.5.27':
    dependencies:
      '@vue/compiler-core': 3.5.27
      '@vue/shared': 3.5.27

  '@vue/compiler-sfc@3.5.27':
    dependencies:
      '@babel/parser': 7.28.6
      '@vue/compiler-core': 3.5.27
      '@vue/compiler-dom': 3.5.27
      '@vue/compiler-ssr': 3.5.27
      '@vue/shared': 3.5.27
      estree-walker: 2.0.2
      magic-string: 0.30.21
      postcss: 8.5.6
      source-map-js: 1.2.1

  '@vue/compiler-ssr@3.5.27':
    dependencies:
      '@vue/compiler-dom': 3.5.27
      '@vue/shared': 3.5.27

  '@vue/reactivity@3.5.27':
    dependencies:
      '@vue/shared': 3.5.27

  '@vue/runtime-core@3.5.27':
    dependencies:
      '@vue/reactivity': 3.5.27
      '@vue/shared': 3.5.27

  '@vue/runtime-dom@3.5.27':
    dependencies:
      '@vue/reactivity': 3.5.27
      '@vue/runtime-core': 3.5.27
      '@vue/shared': 3.5.27
      csstype: 3.2.3

  '@vue/server-renderer@3.5.27(vue@3.5.27)':
    dependencies:
      '@vue/compiler-ssr': 3.5.27
      '@vue/shared': 3.5.27
      vue: 3.5.27

  '@vue/shared@3.5.27': {}

  codemirror@6.0.2:
    dependencies:
      '@codemirror/autocomplete': 6.20.0
      '@codemirror/commands': 6.10.1
      '@codemirror/language': 6.12.1
      '@codemirror/lint': 6.9.2
      '@codemirror/search': 6.6.0
      '@codemirror/state': 6.5.4
      '@codemirror/view': 6.39.11

  crelt@1.0.6: {}

  csstype@3.2.3: {}

  entities@7.0.0: {}

  estree-walker@2.0.2: {}

  magic-string@0.30.21:
    dependencies:
      '@jridgewell/sourcemap-codec': 1.5.5

  nanoid@3.3.11: {}

  picocolors@1.1.1: {}

  postcss@8.5.6:
    dependencies:
      nanoid: 3.3.11
      picocolors: 1.1.1
      source-map-js: 1.2.1

  source-map-js@1.2.1: {}

  style-mod@4.1.3: {}

  vue-codemirror@6.1.1(codemirror@6.0.2)(vue@3.5.27):
    dependencies:
      '@codemirror/commands': 6.10.1
      '@codemirror/language': 6.12.1
      '@codemirror/state': 6.5.4
      '@codemirror/view': 6.39.11
      codemirror: 6.0.2
      vue: 3.5.27

  vue@3.5.27:
    dependencies:
      '@vue/compiler-dom': 3.5.27
      '@vue/compiler-sfc': 3.5.27
      '@vue/runtime-dom': 3.5.27
      '@vue/server-renderer': 3.5.27(vue@3.5.27)
      '@vue/shared': 3.5.27

  w3c-keyname@2.2.8: {}
